
Microsoft Visual Studio Solution File, Format Version 12.00
# Visual Studio Version 17
VisualStudioVersion = 17.5.002.0
MinimumVisualStudioVersion = 10.0.40219.1
Project("{9A19103F-16F7-4668-BE54-9A1E7A4F7556}") = "Prioridad", "Prioridad.csproj", "{1A1344B0-5497-4E2E-80AA-60905FFEE587}"
EndProject
Global
	GlobalSection(SolutionConfigurationPlatforms) = preSolution
		Debug|Any CPU = Debug|Any CPU
		Release|Any CPU = Release|Any CPU
	EndGlobalSection
	GlobalSection(ProjectConfigurationPlatforms) = postSolution
		{1A1344B0-5497-4E2E-80AA-60905FFEE587}.Debug|Any CPU.ActiveCfg = Debug|Any CPU
		{1A1344B0-5497-4E2E-80AA-60905FFEE587}.Debug|Any CPU.Build.0 = Debug|Any CPU
		{1A1344B0-5497-4E2E-80AA-60905FFEE587}.Release|Any CPU.ActiveCfg = Release|Any CPU
		{1A1344B0-5497-4E2E-80AA-60905FFEE587}.Release|Any CPU.Build.0 = Release|Any CPU
	EndGlobalSection
	GlobalSection(SolutionProperties) = preSolution
		HideSolutionNode = FALSE
	EndGlobalSection
	GlobalSection(ExtensibilityGlobals) = postSolution
		SolutionGuid = {1D000F78-4A82-473F-9E41-3035B1DBA419}
	EndGlobalSection
EndGlobal
